
Microsoft Visual Studio Solution File, Format Version 12.00
# Visual Studio 2013
VisualStudioVersion = 12.0.30110.0
MinimumVisualStudioVersion = 10.0.40219.1
Project("{2150E333-8FDC-42A3-9474-1A3956D46DE8}") = "abp", "abp", "{1D1E662E-B8D4-4044-924C-A08D2F011E9F}"
EndProject
Project("{2150E333-8FDC-42A3-9474-1A3956D46DE8}") = "module", "module", "{91C2819A-B361-4DFB-9A8F-A1F2A3BC4134}"
EndProject
Project("{2150E333-8FDC-42A3-9474-1A3956D46DE8}") = "cms", "cms", "{01CEF664-E556-4175-B596-78BCBE5B91E1}"
EndProject
Project("{FAE04EC0-301F-11D3-BF4B-00C04F79EFBC}") = "CMS.Tests", "module\cms\src\Tests\CMS.Tests\CMS.Tests.csproj", "{C602C47E-F379-40A3-A146-4F19105B3491}"
EndProject
Project("{FAE04EC0-301F-11D3-BF4B-00C04F79EFBC}") = "CMS.WebApi", "module\cms\src\CMS.WebApi\CMS.WebApi.csproj", "{5EB52D3D-09FD-463A-B02A-8D9856BD3724}"
EndProject
Project("{FAE04EC0-301F-11D3-BF4B-00C04F79EFBC}") = "CMS.EntityFramework", "module\cms\src\CMS.EntityFramework\CMS.EntityFramework.csproj", "{3979F157-DEB0-4878-AB1D-4CEF6B5A1300}"
EndProject
Project("{FAE04EC0-301F-11D3-BF4B-00C04F79EFBC}") = "CMS.Core", "module\cms\src\CMS.Core\CMS.Core.csproj", "{17298EA0-AF73-4F30-B6F1-2066100D7D74}"
EndProject
Project("{FAE04EC0-301F-11D3-BF4B-00C04F79EFBC}") = "CMS.Application", "module\cms\src\CMS.Application\CMS.Application.csproj", "{EDF5D964-4C0F-4F19-B674-58A38A5E5401}"
EndProject
Project("{FAE04EC0-301F-11D3-BF4B-00C04F79EFBC}") = "CMS.Web", "module\cms\src\CMS.Web\CMS.Web.csproj", "{897F6FD8-6F90-48E4-95A5-B4429B896205}"
EndProject
Project("{2150E333-8FDC-42A3-9474-1A3956D46DE8}") = "zero", "zero", "{B9FFA059-B433-41C3-AD30-D2E009C6F3FD}"
EndProject
Project("{FAE04EC0-301F-11D3-BF4B-00C04F79EFBC}") = "Abp.Zero", "abp\module-zero\src\Abp.Zero\Abp.Zero.csproj", "{70D916F2-9BFF-43DA-B3F7-3E0655114D48}"
EndProject
Project("{FAE04EC0-301F-11D3-BF4B-00C04F79EFBC}") = "Abp.Zero.EntityFramework", "abp\module-zero\src\Abp.Zero.EntityFramework\Abp.Zero.EntityFramework.csproj", "{B728E703-345B-4553-A8B0-B28BB6738688}"
EndProject
Project("{FAE04EC0-301F-11D3-BF4B-00C04F79EFBC}") = "Abp.Zero.Ldap", "abp\module-zero\src\Abp.Zero.Ldap\Abp.Zero.Ldap.csproj", "{587409A2-2470-4CC4-8F81-DB0A2B3E57A5}"
EndProject
Project("{FAE04EC0-301F-11D3-BF4B-00C04F79EFBC}") = "Abp.Zero.NHibernate", "abp\module-zero\src\Abp.Zero.NHibernate\Abp.Zero.NHibernate.csproj", "{C43A88EE-1537-40BB-8154-4271E6AAD919}"
EndProject
Project("{FAE04EC0-301F-11D3-BF4B-00C04F79EFBC}") = "Abp.Zero.SampleApp.Tests", "abp\module-zero\src\Tests\Abp.Zero.SampleApp.Tests\Abp.Zero.SampleApp.Tests.csproj", "{3C90D572-EA4E-499C-AF95-407BFA8A36B8}"
EndProject
Project("{FAE04EC0-301F-11D3-BF4B-00C04F79EFBC}") = "Abp.Zero.SampleApp", "abp\module-zero\src\Tests\Abp.Zero.SampleApp\Abp.Zero.SampleApp.csproj", "{59AA0119-F76E-433F-B9D1-385F51A13A17}"
EndProject
Project("{FAE04EC0-301F-11D3-BF4B-00C04F79EFBC}") = "Abp", "abp\aspnetboilerplate\src\Abp\Abp.csproj", "{2C221D3B-5F54-4C5B-8082-318636415132}"
EndProject
Project("{FAE04EC0-301F-11D3-BF4B-00C04F79EFBC}") = "Abp.AutoMapper", "abp\aspnetboilerplate\src\Abp.AutoMapper\Abp.AutoMapper.csproj", "{06EB5F7C-B974-4775-A305-F175D645F7C9}"
EndProject
Project("{FAE04EC0-301F-11D3-BF4B-00C04F79EFBC}") = "Abp.EntityFramework", "abp\aspnetboilerplate\src\Abp.EntityFramework\Abp.EntityFramework.csproj", "{948F0CAF-3382-4E03-9A0F-0DDB206FE40D}"
EndProject
Project("{FAE04EC0-301F-11D3-BF4B-00C04F79EFBC}") = "Abp.FluentMigrator", "abp\aspnetboilerplate\src\Abp.FluentMigrator\Abp.FluentMigrator.csproj", "{908717CC-C284-4C88-A13C-32B62674845D}"
EndProject
Project("{FAE04EC0-301F-11D3-BF4B-00C04F79EFBC}") = "Abp.MemoryDb", "abp\aspnetboilerplate\src\Abp.MemoryDb\Abp.MemoryDb.csproj", "{4DF45D0E-A50F-4FD0-8B4D-2548B256994F}"
EndProject
Project("{FAE04EC0-301F-11D3-BF4B-00C04F79EFBC}") = "Abp.NHibernate", "abp\aspnetboilerplate\src\Abp.NHibernate\Abp.NHibernate.csproj", "{47853DCA-C058-42F4-B020-E9AC659C9204}"
EndProject
Project("{FAE04EC0-301F-11D3-BF4B-00C04F79EFBC}") = "Abp.RedisCache", "abp\aspnetboilerplate\src\Abp.RedisCache\Abp.RedisCache.csproj", "{F4A8466E-4E68-4D6F-81D4-7F0892B9B5E0}"
EndProject
Project("{FAE04EC0-301F-11D3-BF4B-00C04F79EFBC}") = "Abp.Web", "abp\aspnetboilerplate\src\Abp.Web\Abp.Web.csproj", "{D37C09D8-2F18-4F0B-A4D3-7A12C124E070}"
EndProject
Project("{FAE04EC0-301F-11D3-BF4B-00C04F79EFBC}") = "Abp.Web.Api", "abp\aspnetboilerplate\src\Abp.Web.Api\Abp.Web.Api.csproj", "{71962F97-5E4B-465C-9A21-2153D31992CF}"
EndProject
Project("{FAE04EC0-301F-11D3-BF4B-00C04F79EFBC}") = "Abp.Web.Api.Swagger", "abp\aspnetboilerplate\src\Abp.Web.Api.Swagger\Abp.Web.Api.Swagger.csproj", "{E55982CC-A18B-4BC6-9B86-59112D5B1CE7}"
EndProject
Project("{FAE04EC0-301F-11D3-BF4B-00C04F79EFBC}") = "Abp.Web.Mvc", "abp\aspnetboilerplate\src\Abp.Web.Mvc\Abp.Web.Mvc.csproj", "{78FC0C9B-C5A9-4900-9A46-A8F544AC5343}"
EndProject
Project("{FAE04EC0-301F-11D3-BF4B-00C04F79EFBC}") = "Abp.Web.Resources", "abp\aspnetboilerplate\src\Abp.Web.Resources\Abp.Web.Resources.csproj", "{9003DDA9-1DD5-41A1-B907-6F378767C441}"
EndProject
Project("{2150E333-8FDC-42A3-9474-1A3956D46DE8}") = "TestBase", "TestBase", "{A088B7AB-14D5-4190-A556-1F54BB7E30B4}"
EndProject
Project("{2150E333-8FDC-42A3-9474-1A3956D46DE8}") = "Test", "Test", "{452613FA-147D-4551-98EB-A87FBB029C1E}"
EndProject
Project("{FAE04EC0-301F-11D3-BF4B-00C04F79EFBC}") = "Abp.TestBase.Tests", "abp\aspnetboilerplate\src\TestBase\Tests\Abp.TestBase.Tests\Abp.TestBase.Tests.csproj", "{040FAC4B-7320-4C94-9555-E82FA13DD921}"
EndProject
Project("{FAE04EC0-301F-11D3-BF4B-00C04F79EFBC}") = "Abp.TestBase.SampleApplication.Tests", "abp\aspnetboilerplate\src\TestBase\Tests\Abp.TestBase.SampleApplication.Tests\Abp.TestBase.SampleApplication.Tests.csproj", "{A9C87FBF-8C8A-4ABD-A0A8-5F79A9DA6A49}"
EndProject
Project("{FAE04EC0-301F-11D3-BF4B-00C04F79EFBC}") = "Abp.TestBase.SampleApplication", "abp\aspnetboilerplate\src\TestBase\Tests\Abp.TestBase.SampleApplication\Abp.TestBase.SampleApplication.csproj", "{81D64020-5E36-4344-ACEC-9B218B5246D0}"
EndProject
Project("{FAE04EC0-301F-11D3-BF4B-00C04F79EFBC}") = "Abp.TestBase", "abp\aspnetboilerplate\src\TestBase\Abp.TestBase\Abp.TestBase.csproj", "{F554B0EF-ACF4-4F72-B711-EF36559DCE43}"
EndProject
Project("{FAE04EC0-301F-11D3-BF4B-00C04F79EFBC}") = "Abp.Tests", "abp\aspnetboilerplate\src\Tests\Abp.Tests\Abp.Tests.csproj", "{D1E31E85-0F7E-43BC-91E2-F9E544ECEBD5}"
EndProject
Project("{FAE04EC0-301F-11D3-BF4B-00C04F79EFBC}") = "Abp.AutoMapper.Tests", "abp\aspnetboilerplate\src\Tests\Abp.AutoMapper.Tests\Abp.AutoMapper.Tests.csproj", "{6C1BB309-3FE8-40A1-A97C-62495CE61AB6}"
EndProject
Project("{FAE04EC0-301F-11D3-BF4B-00C04F79EFBC}") = "Abp.EntityFramework.Tests", "abp\aspnetboilerplate\src\Tests\Abp.EntityFramework.Tests\Abp.EntityFramework.Tests.csproj", "{30F91B61-4BA1-491A-ABE1-B615C1B97E71}"
EndProject
Project("{FAE04EC0-301F-11D3-BF4B-00C04F79EFBC}") = "Abp.MemoryDb.Tests", "abp\aspnetboilerplate\src\Tests\Abp.MemoryDb.Tests\Abp.MemoryDb.Tests.csproj", "{2322DD68-034A-44FD-8065-90030BE25C47}"
EndProject
Project("{FAE04EC0-301F-11D3-BF4B-00C04F79EFBC}") = "Abp.NHibernate.Tests", "abp\aspnetboilerplate\src\Tests\Abp.NHibernate.Tests\Abp.NHibernate.Tests.csproj", "{0CF3083B-364D-42C9-B6F2-552789FB6ED5}"
EndProject
Project("{FAE04EC0-301F-11D3-BF4B-00C04F79EFBC}") = "Abp.RedisCache.Tests", "abp\aspnetboilerplate\src\Tests\Abp.RedisCache.Tests\Abp.RedisCache.Tests.csproj", "{BE5D25B4-66A7-4A29-BA64-3D00A952BE9E}"
EndProject
Project("{FAE04EC0-301F-11D3-BF4B-00C04F79EFBC}") = "Abp.Web.Api.Tests", "abp\aspnetboilerplate\src\Tests\Abp.Web.Api.Tests\Abp.Web.Api.Tests.csproj", "{662A3C76-DC6E-425C-B389-23B1040AD2F8}"
EndProject
Project("{FAE04EC0-301F-11D3-BF4B-00C04F79EFBC}") = "Abp.Web.Tests", "abp\aspnetboilerplate\src\Tests\Abp.Web.Tests\Abp.Web.Tests.csproj", "{C3ACA5F7-6A78-497B-AE25-B0B4F20E5AA2}"
EndProject
Global
	GlobalSection(SolutionConfigurationPlatforms) = preSolution
		Debug|Any CPU = Debug|Any CPU
		Release|Any CPU = Release|Any CPU
	EndGlobalSection
	GlobalSection(ProjectConfigurationPlatforms) = postSolution
		{C602C47E-F379-40A3-A146-4F19105B3491}.Debug|Any CPU.ActiveCfg = Debug|Any CPU
		{C602C47E-F379-40A3-A146-4F19105B3491}.Debug|Any CPU.Build.0 = Debug|Any CPU
		{C602C47E-F379-40A3-A146-4F19105B3491}.Release|Any CPU.ActiveCfg = Release|Any CPU
		{C602C47E-F379-40A3-A146-4F19105B3491}.Release|Any CPU.Build.0 = Release|Any CPU
		{5EB52D3D-09FD-463A-B02A-8D9856BD3724}.Debug|Any CPU.ActiveCfg = Debug|Any CPU
		{5EB52D3D-09FD-463A-B02A-8D9856BD3724}.Debug|Any CPU.Build.0 = Debug|Any CPU
		{5EB52D3D-09FD-463A-B02A-8D9856BD3724}.Release|Any CPU.ActiveCfg = Release|Any CPU
		{5EB52D3D-09FD-463A-B02A-8D9856BD3724}.Release|Any CPU.Build.0 = Release|Any CPU
		{3979F157-DEB0-4878-AB1D-4CEF6B5A1300}.Debug|Any CPU.ActiveCfg = Debug|Any CPU
		{3979F157-DEB0-4878-AB1D-4CEF6B5A1300}.Debug|Any CPU.Build.0 = Debug|Any CPU
		{3979F157-DEB0-4878-AB1D-4CEF6B5A1300}.Release|Any CPU.ActiveCfg = Release|Any CPU
		{3979F157-DEB0-4878-AB1D-4CEF6B5A1300}.Release|Any CPU.Build.0 = Release|Any CPU
		{17298EA0-AF73-4F30-B6F1-2066100D7D74}.Debug|Any CPU.ActiveCfg = Debug|Any CPU
		{17298EA0-AF73-4F30-B6F1-2066100D7D74}.Debug|Any CPU.Build.0 = Debug|Any CPU
		{17298EA0-AF73-4F30-B6F1-2066100D7D74}.Release|Any CPU.ActiveCfg = Release|Any CPU
		{17298EA0-AF73-4F30-B6F1-2066100D7D74}.Release|Any CPU.Build.0 = Release|Any CPU
		{EDF5D964-4C0F-4F19-B674-58A38A5E5401}.Debug|Any CPU.ActiveCfg = Debug|Any CPU
		{EDF5D964-4C0F-4F19-B674-58A38A5E5401}.Debug|Any CPU.Build.0 = Debug|Any CPU
		{EDF5D964-4C0F-4F19-B674-58A38A5E5401}.Release|Any CPU.ActiveCfg = Release|Any CPU
		{EDF5D964-4C0F-4F19-B674-58A38A5E5401}.Release|Any CPU.Build.0 = Release|Any CPU
		{897F6FD8-6F90-48E4-95A5-B4429B896205}.Debug|Any CPU.ActiveCfg = Debug|Any CPU
		{897F6FD8-6F90-48E4-95A5-B4429B896205}.Debug|Any CPU.Build.0 = Debug|Any CPU
		{897F6FD8-6F90-48E4-95A5-B4429B896205}.Release|Any CPU.ActiveCfg = Release|Any CPU
		{897F6FD8-6F90-48E4-95A5-B4429B896205}.Release|Any CPU.Build.0 = Release|Any CPU
		{70D916F2-9BFF-43DA-B3F7-3E0655114D48}.Debug|Any CPU.ActiveCfg = Debug|Any CPU
		{70D916F2-9BFF-43DA-B3F7-3E0655114D48}.Debug|Any CPU.Build.0 = Debug|Any CPU
		{70D916F2-9BFF-43DA-B3F7-3E0655114D48}.Release|Any CPU.ActiveCfg = Release|Any CPU
		{70D916F2-9BFF-43DA-B3F7-3E0655114D48}.Release|Any CPU.Build.0 = Release|Any CPU
		{B728E703-345B-4553-A8B0-B28BB6738688}.Debug|Any CPU.ActiveCfg = Debug|Any CPU
		{B728E703-345B-4553-A8B0-B28BB6738688}.Debug|Any CPU.Build.0 = Debug|Any CPU
		{B728E703-345B-4553-A8B0-B28BB6738688}.Release|Any CPU.ActiveCfg = Release|Any CPU
		{B728E703-345B-4553-A8B0-B28BB6738688}.Release|Any CPU.Build.0 = Release|Any CPU
		{587409A2-2470-4CC4-8F81-DB0A2B3E57A5}.Debug|Any CPU.ActiveCfg = Debug|Any CPU
		{587409A2-2470-4CC4-8F81-DB0A2B3E57A5}.Debug|Any CPU.Build.0 = Debug|Any CPU
		{587409A2-2470-4CC4-8F81-DB0A2B3E57A5}.Release|Any CPU.ActiveCfg = Release|Any CPU
		{587409A2-2470-4CC4-8F81-DB0A2B3E57A5}.Release|Any CPU.Build.0 = Release|Any CPU
		{C43A88EE-1537-40BB-8154-4271E6AAD919}.Debug|Any CPU.ActiveCfg = Debug|Any CPU
		{C43A88EE-1537-40BB-8154-4271E6AAD919}.Debug|Any CPU.Build.0 = Debug|Any CPU
		{C43A88EE-1537-40BB-8154-4271E6AAD919}.Release|Any CPU.ActiveCfg = Release|Any CPU
		{C43A88EE-1537-40BB-8154-4271E6AAD919}.Release|Any CPU.Build.0 = Release|Any CPU
		{3C90D572-EA4E-499C-AF95-407BFA8A36B8}.Debug|Any CPU.ActiveCfg = Debug|Any CPU
		{3C90D572-EA4E-499C-AF95-407BFA8A36B8}.Debug|Any CPU.Build.0 = Debug|Any CPU
		{3C90D572-EA4E-499C-AF95-407BFA8A36B8}.Release|Any CPU.ActiveCfg = Release|Any CPU
		{3C90D572-EA4E-499C-AF95-407BFA8A36B8}.Release|Any CPU.Build.0 = Release|Any CPU
		{59AA0119-F76E-433F-B9D1-385F51A13A17}.Debug|Any CPU.ActiveCfg = Debug|Any CPU
		{59AA0119-F76E-433F-B9D1-385F51A13A17}.Debug|Any CPU.Build.0 = Debug|Any CPU
		{59AA0119-F76E-433F-B9D1-385F51A13A17}.Release|Any CPU.ActiveCfg = Release|Any CPU
		{59AA0119-F76E-433F-B9D1-385F51A13A17}.Release|Any CPU.Build.0 = Release|Any CPU
		{2C221D3B-5F54-4C5B-8082-318636415132}.Debug|Any CPU.ActiveCfg = Debug|Any CPU
		{2C221D3B-5F54-4C5B-8082-318636415132}.Debug|Any CPU.Build.0 = Debug|Any CPU
		{2C221D3B-5F54-4C5B-8082-318636415132}.Release|Any CPU.ActiveCfg = Release|Any CPU
		{2C221D3B-5F54-4C5B-8082-318636415132}.Release|Any CPU.Build.0 = Release|Any CPU
		{06EB5F7C-B974-4775-A305-F175D645F7C9}.Debug|Any CPU.ActiveCfg = Debug|Any CPU
		{06EB5F7C-B974-4775-A305-F175D645F7C9}.Debug|Any CPU.Build.0 = Debug|Any CPU
		{06EB5F7C-B974-4775-A305-F175D645F7C9}.Release|Any CPU.ActiveCfg = Release|Any CPU
		{06EB5F7C-B974-4775-A305-F175D645F7C9}.Release|Any CPU.Build.0 = Release|Any CPU
		{948F0CAF-3382-4E03-9A0F-0DDB206FE40D}.Debug|Any CPU.ActiveCfg = Debug|Any CPU
		{948F0CAF-3382-4E03-9A0F-0DDB206FE40D}.Debug|Any CPU.Build.0 = Debug|Any CPU
		{948F0CAF-3382-4E03-9A0F-0DDB206FE40D}.Release|Any CPU.ActiveCfg = Release|Any CPU
		{948F0CAF-3382-4E03-9A0F-0DDB206FE40D}.Release|Any CPU.Build.0 = Release|Any CPU
		{908717CC-C284-4C88-A13C-32B62674845D}.Debug|Any CPU.ActiveCfg = Debug|Any CPU
		{908717CC-C284-4C88-A13C-32B62674845D}.Debug|Any CPU.Build.0 = Debug|Any CPU
		{908717CC-C284-4C88-A13C-32B62674845D}.Release|Any CPU.ActiveCfg = Release|Any CPU
		{908717CC-C284-4C88-A13C-32B62674845D}.Release|Any CPU.Build.0 = Release|Any CPU
		{4DF45D0E-A50F-4FD0-8B4D-2548B256994F}.Debug|Any CPU.ActiveCfg = Debug|Any CPU
		{4DF45D0E-A50F-4FD0-8B4D-2548B256994F}.Debug|Any CPU.Build.0 = Debug|Any CPU
		{4DF45D0E-A50F-4FD0-8B4D-2548B256994F}.Release|Any CPU.ActiveCfg = Release|Any CPU
		{4DF45D0E-A50F-4FD0-8B4D-2548B256994F}.Release|Any CPU.Build.0 = Release|Any CPU
		{47853DCA-C058-42F4-B020-E9AC659C9204}.Debug|Any CPU.ActiveCfg = Debug|Any CPU
		{47853DCA-C058-42F4-B020-E9AC659C9204}.Debug|Any CPU.Build.0 = Debug|Any CPU
		{47853DCA-C058-42F4-B020-E9AC659C9204}.Release|Any CPU.ActiveCfg = Release|Any CPU
		{47853DCA-C058-42F4-B020-E9AC659C9204}.Release|Any CPU.Build.0 = Release|Any CPU
		{F4A8466E-4E68-4D6F-81D4-7F0892B9B5E0}.Debug|Any CPU.ActiveCfg = Debug|Any CPU
		{F4A8466E-4E68-4D6F-81D4-7F0892B9B5E0}.Debug|Any CPU.Build.0 = Debug|Any CPU
		{F4A8466E-4E68-4D6F-81D4-7F0892B9B5E0}.Release|Any CPU.ActiveCfg = Release|Any CPU
		{F4A8466E-4E68-4D6F-81D4-7F0892B9B5E0}.Release|Any CPU.Build.0 = Release|Any CPU
		{D37C09D8-2F18-4F0B-A4D3-7A12C124E070}.Debug|Any CPU.ActiveCfg = Debug|Any CPU
		{D37C09D8-2F18-4F0B-A4D3-7A12C124E070}.Debug|Any CPU.Build.0 = Debug|Any CPU
		{D37C09D8-2F18-4F0B-A4D3-7A12C124E070}.Release|Any CPU.ActiveCfg = Release|Any CPU
		{D37C09D8-2F18-4F0B-A4D3-7A12C124E070}.Release|Any CPU.Build.0 = Release|Any CPU
		{71962F97-5E4B-465C-9A21-2153D31992CF}.Debug|Any CPU.ActiveCfg = Debug|Any CPU
		{71962F97-5E4B-465C-9A21-2153D31992CF}.Debug|Any CPU.Build.0 = Debug|Any CPU
		{71962F97-5E4B-465C-9A21-2153D31992CF}.Release|Any CPU.ActiveCfg = Release|Any CPU
		{71962F97-5E4B-465C-9A21-2153D31992CF}.Release|Any CPU.Build.0 = Release|Any CPU
		{E55982CC-A18B-4BC6-9B86-59112D5B1CE7}.Debug|Any CPU.ActiveCfg = Debug|Any CPU
		{E55982CC-A18B-4BC6-9B86-59112D5B1CE7}.Debug|Any CPU.Build.0 = Debug|Any CPU
		{E55982CC-A18B-4BC6-9B86-59112D5B1CE7}.Release|Any CPU.ActiveCfg = Release|Any CPU
		{E55982CC-A18B-4BC6-9B86-59112D5B1CE7}.Release|Any CPU.Build.0 = Release|Any CPU
		{78FC0C9B-C5A9-4900-9A46-A8F544AC5343}.Debug|Any CPU.ActiveCfg = Debug|Any CPU
		{78FC0C9B-C5A9-4900-9A46-A8F544AC5343}.Debug|Any CPU.Build.0 = Debug|Any CPU
		{78FC0C9B-C5A9-4900-9A46-A8F544AC5343}.Release|Any CPU.ActiveCfg = Release|Any CPU
		{78FC0C9B-C5A9-4900-9A46-A8F544AC5343}.Release|Any CPU.Build.0 = Release|Any CPU
		{9003DDA9-1DD5-41A1-B907-6F378767C441}.Debug|Any CPU.ActiveCfg = Debug|Any CPU
		{9003DDA9-1DD5-41A1-B907-6F378767C441}.Debug|Any CPU.Build.0 = Debug|Any CPU
		{9003DDA9-1DD5-41A1-B907-6F378767C441}.Release|Any CPU.ActiveCfg = Release|Any CPU
		{9003DDA9-1DD5-41A1-B907-6F378767C441}.Release|Any CPU.Build.0 = Release|Any CPU
		{040FAC4B-7320-4C94-9555-E82FA13DD921}.Debug|Any CPU.ActiveCfg = Debug|Any CPU
		{040FAC4B-7320-4C94-9555-E82FA13DD921}.Debug|Any CPU.Build.0 = Debug|Any CPU
		{040FAC4B-7320-4C94-9555-E82FA13DD921}.Release|Any CPU.ActiveCfg = Release|Any CPU
		{040FAC4B-7320-4C94-9555-E82FA13DD921}.Release|Any CPU.Build.0 = Release|Any CPU
		{A9C87FBF-8C8A-4ABD-A0A8-5F79A9DA6A49}.Debug|Any CPU.ActiveCfg = Debug|Any CPU
		{A9C87FBF-8C8A-4ABD-A0A8-5F79A9DA6A49}.Debug|Any CPU.Build.0 = Debug|Any CPU
		{A9C87FBF-8C8A-4ABD-A0A8-5F79A9DA6A49}.Release|Any CPU.ActiveCfg = Release|Any CPU
		{A9C87FBF-8C8A-4ABD-A0A8-5F79A9DA6A49}.Release|Any CPU.Build.0 = Release|Any CPU
		{81D64020-5E36-4344-ACEC-9B218B5246D0}.Debug|Any CPU.ActiveCfg = Debug|Any CPU
		{81D64020-5E36-4344-ACEC-9B218B5246D0}.Debug|Any CPU.Build.0 = Debug|Any CPU
		{81D64020-5E36-4344-ACEC-9B218B5246D0}.Release|Any CPU.ActiveCfg = Release|Any CPU
		{81D64020-5E36-4344-ACEC-9B218B5246D0}.Release|Any CPU.Build.0 = Release|Any CPU
		{F554B0EF-ACF4-4F72-B711-EF36559DCE43}.Debug|Any CPU.ActiveCfg = Debug|Any CPU
		{F554B0EF-ACF4-4F72-B711-EF36559DCE43}.Debug|Any CPU.Build.0 = Debug|Any CPU
		{F554B0EF-ACF4-4F72-B711-EF36559DCE43}.Release|Any CPU.ActiveCfg = Release|Any CPU
		{F554B0EF-ACF4-4F72-B711-EF36559DCE43}.Release|Any CPU.Build.0 = Release|Any CPU
		{D1E31E85-0F7E-43BC-91E2-F9E544ECEBD5}.Debug|Any CPU.ActiveCfg = Debug|Any CPU
		{D1E31E85-0F7E-43BC-91E2-F9E544ECEBD5}.Debug|Any CPU.Build.0 = Debug|Any CPU
		{D1E31E85-0F7E-43BC-91E2-F9E544ECEBD5}.Release|Any CPU.ActiveCfg = Release|Any CPU
		{D1E31E85-0F7E-43BC-91E2-F9E544ECEBD5}.Release|Any CPU.Build.0 = Release|Any CPU
		{6C1BB309-3FE8-40A1-A97C-62495CE61AB6}.Debug|Any CPU.ActiveCfg = Debug|Any CPU
		{6C1BB309-3FE8-40A1-A97C-62495CE61AB6}.Debug|Any CPU.Build.0 = Debug|Any CPU
		{6C1BB309-3FE8-40A1-A97C-62495CE61AB6}.Release|Any CPU.ActiveCfg = Release|Any CPU
		{6C1BB309-3FE8-40A1-A97C-62495CE61AB6}.Release|Any CPU.Build.0 = Release|Any CPU
		{30F91B61-4BA1-491A-ABE1-B615C1B97E71}.Debug|Any CPU.ActiveCfg = Debug|Any CPU
		{30F91B61-4BA1-491A-ABE1-B615C1B97E71}.Debug|Any CPU.Build.0 = Debug|Any CPU
		{30F91B61-4BA1-491A-ABE1-B615C1B97E71}.Release|Any CPU.ActiveCfg = Release|Any CPU
		{30F91B61-4BA1-491A-ABE1-B615C1B97E71}.Release|Any CPU.Build.0 = Release|Any CPU
		{2322DD68-034A-44FD-8065-90030BE25C47}.Debug|Any CPU.ActiveCfg = Debug|Any CPU
		{2322DD68-034A-44FD-8065-90030BE25C47}.Debug|Any CPU.Build.0 = Debug|Any CPU
		{2322DD68-034A-44FD-8065-90030BE25C47}.Release|Any CPU.ActiveCfg = Release|Any CPU
		{2322DD68-034A-44FD-8065-90030BE25C47}.Release|Any CPU.Build.0 = Release|Any CPU
		{0CF3083B-364D-42C9-B6F2-552789FB6ED5}.Debug|Any CPU.ActiveCfg = Debug|Any CPU
		{0CF3083B-364D-42C9-B6F2-552789FB6ED5}.Debug|Any CPU.Build.0 = Debug|Any CPU
		{0CF3083B-364D-42C9-B6F2-552789FB6ED5}.Release|Any CPU.ActiveCfg = Release|Any CPU
		{0CF3083B-364D-42C9-B6F2-552789FB6ED5}.Release|Any CPU.Build.0 = Release|Any CPU
		{BE5D25B4-66A7-4A29-BA64-3D00A952BE9E}.Debug|Any CPU.ActiveCfg = Debug|Any CPU
		{BE5D25B4-66A7-4A29-BA64-3D00A952BE9E}.Debug|Any CPU.Build.0 = Debug|Any CPU
		{BE5D25B4-66A7-4A29-BA64-3D00A952BE9E}.Release|Any CPU.ActiveCfg = Release|Any CPU
		{BE5D25B4-66A7-4A29-BA64-3D00A952BE9E}.Release|Any CPU.Build.0 = Release|Any CPU
		{662A3C76-DC6E-425C-B389-23B1040AD2F8}.Debug|Any CPU.ActiveCfg = Debug|Any CPU
		{662A3C76-DC6E-425C-B389-23B1040AD2F8}.Debug|Any CPU.Build.0 = Debug|Any CPU
		{662A3C76-DC6E-425C-B389-23B1040AD2F8}.Release|Any CPU.ActiveCfg = Release|Any CPU
		{662A3C76-DC6E-425C-B389-23B1040AD2F8}.Release|Any CPU.Build.0 = Release|Any CPU
		{C3ACA5F7-6A78-497B-AE25-B0B4F20E5AA2}.Debug|Any CPU.ActiveCfg = Debug|Any CPU
		{C3ACA5F7-6A78-497B-AE25-B0B4F20E5AA2}.Debug|Any CPU.Build.0 = Debug|Any CPU
		{C3ACA5F7-6A78-497B-AE25-B0B4F20E5AA2}.Release|Any CPU.ActiveCfg = Release|Any CPU
		{C3ACA5F7-6A78-497B-AE25-B0B4F20E5AA2}.Release|Any CPU.Build.0 = Release|Any CPU
	EndGlobalSection
	GlobalSection(SolutionProperties) = preSolution
		HideSolutionNode = FALSE
	EndGlobalSection
	GlobalSection(NestedProjects) = preSolution
		{B9FFA059-B433-41C3-AD30-D2E009C6F3FD} = {1D1E662E-B8D4-4044-924C-A08D2F011E9F}
		{2C221D3B-5F54-4C5B-8082-318636415132} = {1D1E662E-B8D4-4044-924C-A08D2F011E9F}
		{06EB5F7C-B974-4775-A305-F175D645F7C9} = {1D1E662E-B8D4-4044-924C-A08D2F011E9F}
		{948F0CAF-3382-4E03-9A0F-0DDB206FE40D} = {1D1E662E-B8D4-4044-924C-A08D2F011E9F}
		{908717CC-C284-4C88-A13C-32B62674845D} = {1D1E662E-B8D4-4044-924C-A08D2F011E9F}
		{4DF45D0E-A50F-4FD0-8B4D-2548B256994F} = {1D1E662E-B8D4-4044-924C-A08D2F011E9F}
		{47853DCA-C058-42F4-B020-E9AC659C9204} = {1D1E662E-B8D4-4044-924C-A08D2F011E9F}
		{F4A8466E-4E68-4D6F-81D4-7F0892B9B5E0} = {1D1E662E-B8D4-4044-924C-A08D2F011E9F}
		{D37C09D8-2F18-4F0B-A4D3-7A12C124E070} = {1D1E662E-B8D4-4044-924C-A08D2F011E9F}
		{71962F97-5E4B-465C-9A21-2153D31992CF} = {1D1E662E-B8D4-4044-924C-A08D2F011E9F}
		{E55982CC-A18B-4BC6-9B86-59112D5B1CE7} = {1D1E662E-B8D4-4044-924C-A08D2F011E9F}
		{78FC0C9B-C5A9-4900-9A46-A8F544AC5343} = {1D1E662E-B8D4-4044-924C-A08D2F011E9F}
		{9003DDA9-1DD5-41A1-B907-6F378767C441} = {1D1E662E-B8D4-4044-924C-A08D2F011E9F}
		{A088B7AB-14D5-4190-A556-1F54BB7E30B4} = {1D1E662E-B8D4-4044-924C-A08D2F011E9F}
		{452613FA-147D-4551-98EB-A87FBB029C1E} = {1D1E662E-B8D4-4044-924C-A08D2F011E9F}
		{01CEF664-E556-4175-B596-78BCBE5B91E1} = {91C2819A-B361-4DFB-9A8F-A1F2A3BC4134}
		{C602C47E-F379-40A3-A146-4F19105B3491} = {01CEF664-E556-4175-B596-78BCBE5B91E1}
		{5EB52D3D-09FD-463A-B02A-8D9856BD3724} = {01CEF664-E556-4175-B596-78BCBE5B91E1}
		{3979F157-DEB0-4878-AB1D-4CEF6B5A1300} = {01CEF664-E556-4175-B596-78BCBE5B91E1}
		{17298EA0-AF73-4F30-B6F1-2066100D7D74} = {01CEF664-E556-4175-B596-78BCBE5B91E1}
		{EDF5D964-4C0F-4F19-B674-58A38A5E5401} = {01CEF664-E556-4175-B596-78BCBE5B91E1}
		{897F6FD8-6F90-48E4-95A5-B4429B896205} = {01CEF664-E556-4175-B596-78BCBE5B91E1}
		{70D916F2-9BFF-43DA-B3F7-3E0655114D48} = {B9FFA059-B433-41C3-AD30-D2E009C6F3FD}
		{B728E703-345B-4553-A8B0-B28BB6738688} = {B9FFA059-B433-41C3-AD30-D2E009C6F3FD}
		{587409A2-2470-4CC4-8F81-DB0A2B3E57A5} = {B9FFA059-B433-41C3-AD30-D2E009C6F3FD}
		{C43A88EE-1537-40BB-8154-4271E6AAD919} = {B9FFA059-B433-41C3-AD30-D2E009C6F3FD}
		{3C90D572-EA4E-499C-AF95-407BFA8A36B8} = {B9FFA059-B433-41C3-AD30-D2E009C6F3FD}
		{59AA0119-F76E-433F-B9D1-385F51A13A17} = {B9FFA059-B433-41C3-AD30-D2E009C6F3FD}
		{040FAC4B-7320-4C94-9555-E82FA13DD921} = {A088B7AB-14D5-4190-A556-1F54BB7E30B4}
		{A9C87FBF-8C8A-4ABD-A0A8-5F79A9DA6A49} = {A088B7AB-14D5-4190-A556-1F54BB7E30B4}
		{81D64020-5E36-4344-ACEC-9B218B5246D0} = {A088B7AB-14D5-4190-A556-1F54BB7E30B4}
		{F554B0EF-ACF4-4F72-B711-EF36559DCE43} = {A088B7AB-14D5-4190-A556-1F54BB7E30B4}
		{D1E31E85-0F7E-43BC-91E2-F9E544ECEBD5} = {452613FA-147D-4551-98EB-A87FBB029C1E}
		{6C1BB309-3FE8-40A1-A97C-62495CE61AB6} = {452613FA-147D-4551-98EB-A87FBB029C1E}
		{30F91B61-4BA1-491A-ABE1-B615C1B97E71} = {452613FA-147D-4551-98EB-A87FBB029C1E}
		{2322DD68-034A-44FD-8065-90030BE25C47} = {452613FA-147D-4551-98EB-A87FBB029C1E}
		{0CF3083B-364D-42C9-B6F2-552789FB6ED5} = {452613FA-147D-4551-98EB-A87FBB029C1E}
		{BE5D25B4-66A7-4A29-BA64-3D00A952BE9E} = {452613FA-147D-4551-98EB-A87FBB029C1E}
		{662A3C76-DC6E-425C-B389-23B1040AD2F8} = {452613FA-147D-4551-98EB-A87FBB029C1E}
		{C3ACA5F7-6A78-497B-AE25-B0B4F20E5AA2} = {452613FA-147D-4551-98EB-A87FBB029C1E}
	EndGlobalSection
EndGlobal
